
Microsoft Visual Studio Solution File, Format Version 12.00
# Visual Studio Version 17
VisualStudioVersion = 17.0.31912.275
MinimumVisualStudioVersion = 10.0.40219.1
Project("{9A19103F-16F7-4668-BE54-9A1E7A4F7556}") = "ControleFuncionarios", "TesteComNUnit\ControleFuncionarios.csproj", "{B780D39A-3E7F-49BF-A4FB-065ED899CF46}"
EndProject
Project("{FAE04EC0-301F-11D3-BF4B-00C04F79EFBC}") = "ControleFuncionarios.Teste", "ControleFuncionarios.Teste\ControleFuncionarios.Teste.csproj", "{9AA255F9-9FBD-4B11-A13D-F637449EC0A4}"
EndProject
Global
	GlobalSection(SolutionConfigurationPlatforms) = preSolution
		Debug|Any CPU = Debug|Any CPU
		Release|Any CPU = Release|Any CPU
	EndGlobalSection
	GlobalSection(ProjectConfigurationPlatforms) = postSolution
		{B780D39A-3E7F-49BF-A4FB-065ED899CF46}.Debug|Any CPU.ActiveCfg = Debug|Any CPU
		{B780D39A-3E7F-49BF-A4FB-065ED899CF46}.Debug|Any CPU.Build.0 = Debug|Any CPU
		{B780D39A-3E7F-49BF-A4FB-065ED899CF46}.Release|Any CPU.ActiveCfg = Release|Any CPU
		{B780D39A-3E7F-49BF-A4FB-065ED899CF46}.Release|Any CPU.Build.0 = Release|Any CPU
		{9AA255F9-9FBD-4B11-A13D-F637449EC0A4}.Debug|Any CPU.ActiveCfg = Debug|Any CPU
		{9AA255F9-9FBD-4B11-A13D-F637449EC0A4}.Debug|Any CPU.Build.0 = Debug|Any CPU
		{9AA255F9-9FBD-4B11-A13D-F637449EC0A4}.Release|Any CPU.ActiveCfg = Release|Any CPU
		{9AA255F9-9FBD-4B11-A13D-F637449EC0A4}.Release|Any CPU.Build.0 = Release|Any CPU
	EndGlobalSection
	GlobalSection(SolutionProperties) = preSolution
		HideSolutionNode = FALSE
	EndGlobalSection
	GlobalSection(ExtensibilityGlobals) = postSolution
		SolutionGuid = {40D22DC8-54C8-4C47-9867-0348E85013CB}
	EndGlobalSection
EndGlobal
